{
  "lockfileVersion": 1,
  "configVersion": 1,
  "workspaces": {
    "": {
      "dependencies": {
        "@opencode-ai/plugin": "1.1.36",
        "@types/node": "^22",
      },
    },
  },
  "packages": {
    "@opencode-ai/plugin": ["@opencode-ai/plugin@1.1.36", "", { "dependencies": { "@opencode-ai/sdk": "1.1.36", "zod": "4.1.8" } }, "sha512-b2XWeFZN7UzgwkkzTIi6qSntkpEA9En2zvpqakQzZAGQm6QBdGAlv6r1u5hEnmF12Gzyj5umTMWr5GzVbP/oAA=="],

    "@opencode-ai/sdk": ["@opencode-ai/sdk@1.1.36", "", {}, "sha512-feNHWnbxhg03TI2QrWnw3Chc0eYrWSDSmHIy/ejpSVfcKlfXREw1Tpg0L4EjrpeSc4jB1eM673dh+WM/Ko2SFQ=="],

    "@types/node": ["@types/node@22.19.3", "", { "dependencies": { "undici-types": "~6.21.0" } }, "sha512-1N9SBnWYOJTrNZCdh/yJE+t910Y128BoyY+zBLWhL3r0TYzlTmFdXrPwHL9DyFZmlEXNQQolTZh3KHV31QDhyA=="],

    "undici-types": ["undici-types@6.21.0", "", {}, "sha512-iwDZqg0QAGrg9Rav5H4n0M64c3mkR59cJ6wQp+7C4nI0gsmExaedaYLNO44eT4AtBBwjbTiGPMlt2Md0T9H9JQ=="],

    "zod": ["zod@4.1.8", "", {}, "sha512-5R1P+WwQqmmMIEACyzSvo4JXHY5WiAFHRMg+zBZKgKS+Q1viRa0C1hmUKtHltoIFKtIdki3pRxkmpP74jnNYHQ=="],
  }
}
